// !$*UTF8*$!
{
	archiveVersion = 1;
	classes = {
	};
	objectVersion = 50;
	objects = {

/* Begin PBXBuildFile section */
		8F755E322631AABC008B0785 /* Tests_iOS.swift in Sources */ = {isa = PBXBuildFile; fileRef = 8F755E312631AABC008B0785 /* Tests_iOS.swift */; };
		8F755E3D2631AABC008B0785 /* Tests_macOS.swift in Sources */ = {isa = PBXBuildFile; fileRef = 8F755E3C2631AABC008B0785 /* Tests_macOS.swift */; };
		8F755E3F2631AABC008B0785 /* CitiesSearchApp.swift in Sources */ = {isa = PBXBuildFile; fileRef = 8F755E162631AABC008B0785 /* CitiesSearchApp.swift */; };
		8F755E402631AABC008B0785 /* CitiesSearchApp.swift in Sources */ = {isa = PBXBuildFile; fileRef = 8F755E162631AABC008B0785 /* CitiesSearchApp.swift */; };
		8F755E412631AABC008B0785 /* SearchCityView.swift in Sources */ = {isa = PBXBuildFile; fileRef = 8F755E172631AABC008B0785 /* SearchCityView.swift */; };
		8F755E422631AABC008B0785 /* SearchCityView.swift in Sources */ = {isa = PBXBuildFile; fileRef = 8F755E172631AABC008B0785 /* SearchCityView.swift */; };
		8F755E432631AABC008B0785 /* Assets.xcassets in Resources */ = {isa = PBXBuildFile; fileRef = 8F755E182631AABC008B0785 /* Assets.xcassets */; };
		8F755E442631AABC008B0785 /* Assets.xcassets in Resources */ = {isa = PBXBuildFile; fileRef = 8F755E182631AABC008B0785 /* Assets.xcassets */; };
		8F90938E26335ADA001D76DB /* SearchBar.swift in Sources */ = {isa = PBXBuildFile; fileRef = 8F90938D26335ADA001D76DB /* SearchBar.swift */; };
		8F9093A826335DE1001D76DB /* City.swift in Sources */ = {isa = PBXBuildFile; fileRef = 8F9093A726335DE1001D76DB /* City.swift */; };
		8F9093B126335DE3001D76DB /* City.swift in Sources */ = {isa = PBXBuildFile; fileRef = 8F9093A726335DE1001D76DB /* City.swift */; };
		8F9093B726335E1E001D76DB /* Coordinate.swift in Sources */ = {isa = PBXBuildFile; fileRef = 8F9093B626335E1E001D76DB /* Coordinate.swift */; };
		8F9093BC26335E2B001D76DB /* Coordinate.swift in Sources */ = {isa = PBXBuildFile; fileRef = 8F9093B626335E1E001D76DB /* Coordinate.swift */; };
		8F9093D1263370CD001D76DB /* SearchCityViewModel.swift in Sources */ = {isa = PBXBuildFile; fileRef = 8F9093D0263370CD001D76DB /* SearchCityViewModel.swift */; };
		8F9093D2263370CD001D76DB /* SearchCityViewModel.swift in Sources */ = {isa = PBXBuildFile; fileRef = 8F9093D0263370CD001D76DB /* SearchCityViewModel.swift */; };
		8F9093E226338F82001D76DB /* MapView.swift in Sources */ = {isa = PBXBuildFile; fileRef = 8F9093E126338F82001D76DB /* MapView.swift */; };
		8F9093E326338F82001D76DB /* MapView.swift in Sources */ = {isa = PBXBuildFile; fileRef = 8F9093E126338F82001D76DB /* MapView.swift */; };
		8F9093ED2633AD1E001D76DB /* MapViewModel.swift in Sources */ = {isa = PBXBuildFile; fileRef = 8F9093EC2633AD1E001D76DB /* MapViewModel.swift */; };
		8F9093EE2633AD1E001D76DB /* MapViewModel.swift in Sources */ = {isa = PBXBuildFile; fileRef = 8F9093EC2633AD1E001D76DB /* MapViewModel.swift */; };
		8F9093F8263672F7001D76DB /* cities.json in Resources */ = {isa = PBXBuildFile; fileRef = 8F9093F7263672F7001D76DB /* cities.json */; };
		8F9093F9263672F7001D76DB /* cities.json in Resources */ = {isa = PBXBuildFile; fileRef = 8F9093F7263672F7001D76DB /* cities.json */; };
		8F9094042636733E001D76DB /* CityDataManager.swift in Sources */ = {isa = PBXBuildFile; fileRef = 8F9094032636733E001D76DB /* CityDataManager.swift */; };
		8F9094052636733E001D76DB /* CityDataManager.swift in Sources */ = {isa = PBXBuildFile; fileRef = 8F9094032636733E001D76DB /* CityDataManager.swift */; };
		8F90941026367449001D76DB /* FileUtils.swift in Sources */ = {isa = PBXBuildFile; fileRef = 8F90940F26367449001D76DB /* FileUtils.swift */; };
		8F90941126367449001D76DB /* FileUtils.swift in Sources */ = {isa = PBXBuildFile; fileRef = 8F90940F26367449001D76DB /* FileUtils.swift */; };
/* End PBXBuildFile section */

/* Begin PBXContainerItemProxy section */
		8F755E2E2631AABC008B0785 /* PBXContainerItemProxy */ = {
			isa = PBXContainerItemProxy;
			containerPortal = 8F755E112631AABC008B0785 /* Project object */;
			proxyType = 1;
			remoteGlobalIDString = 8F755E1C2631AABC008B0785;
			remoteInfo = "CitiesSearch (iOS)";
		};
		8F755E392631AABC008B0785 /* PBXContainerItemProxy */ = {
			isa = PBXContainerItemProxy;
			containerPortal = 8F755E112631AABC008B0785 /* Project object */;
			proxyType = 1;
			remoteGlobalIDString = 8F755E242631AABC008B0785;
			remoteInfo = "CitiesSearch (macOS)";
		};
/* End PBXContainerItemProxy section */

/* Begin PBXFileReference section */
		8F755E162631AABC008B0785 /* CitiesSearchApp.swift */ = {isa = PBXFileReference; lastKnownFileType = sourcecode.swift; path = CitiesSearchApp.swift; sourceTree = "<group>"; };
		8F755E172631AABC008B0785 /* SearchCityView.swift */ = {isa = PBXFileReference; lastKnownFileType = sourcecode.swift; path = SearchCityView.swift; sourceTree = "<group>"; };
		8F755E182631AABC008B0785 /* Assets.xcassets */ = {isa = PBXFileReference; lastKnownFileType = folder.assetcatalog; path = Assets.xcassets; sourceTree = "<group>"; };
		8F755E1D2631AABC008B0785 /* CitiesSearch.app */ = {isa = PBXFileReference; explicitFileType = wrapper.application; includeInIndex = 0; path = CitiesSearch.app; sourceTree = BUILT_PRODUCTS_DIR; };
		8F755E202631AABC008B0785 /* Info.plist */ = {isa = PBXFileReference; lastKnownFileType = text.plist.xml; path = Info.plist; sourceTree = "<group>"; };
		8F755E252631AABC008B0785 /* CitiesSearch.app */ = {isa = PBXFileReference; explicitFileType = wrapper.application; includeInIndex = 0; path = CitiesSearch.app; sourceTree = BUILT_PRODUCTS_DIR; };
		8F755E272631AABC008B0785 /* Info.plist */ = {isa = PBXFileReference; lastKnownFileType = text.plist.xml; path = Info.plist; sourceTree = "<group>"; };
		8F755E282631AABC008B0785 /* macOS.entitlements */ = {isa = PBXFileReference; lastKnownFileType = text.plist.entitlements; path = macOS.entitlements; sourceTree = "<group>"; };
		8F755E2D2631AABC008B0785 /* Tests iOS.xctest */ = {isa = PBXFileReference; explicitFileType = wrapper.cfbundle; includeInIndex = 0; path = "Tests iOS.xctest"; sourceTree = BUILT_PRODUCTS_DIR; };
		8F755E312631AABC008B0785 /* Tests_iOS.swift */ = {isa = PBXFileReference; lastKnownFileType = sourcecode.swift; path = Tests_iOS.swift; sourceTree = "<group>"; };
		8F755E332631AABC008B0785 /* Info.plist */ = {isa = PBXFileReference; lastKnownFileType = text.plist.xml; path = Info.plist; sourceTree = "<group>"; };
		8F755E382631AABC008B0785 /* Tests macOS.xctest */ = {isa = PBXFileReference; explicitFileType = wrapper.cfbundle; includeInIndex = 0; path = "Tests macOS.xctest"; sourceTree = BUILT_PRODUCTS_DIR; };
		8F755E3C2631AABC008B0785 /* Tests_macOS.swift */ = {isa = PBXFileReference; lastKnownFileType = sourcecode.swift; path = Tests_macOS.swift; sourceTree = "<group>"; };
		8F755E3E2631AABC008B0785 /* Info.plist */ = {isa = PBXFileReference; lastKnownFileType = text.plist.xml; path = Info.plist; sourceTree = "<group>"; };
		8F90938D26335ADA001D76DB /* SearchBar.swift */ = {isa = PBXFileReference; lastKnownFileType = sourcecode.swift; name = SearchBar.swift; path = "../../../voice-ios-app/Voice/VoiceV2/VoiceBaseTableView/SearchBar.swift"; sourceTree = "<group>"; };
		8F9093A726335DE1001D76DB /* City.swift */ = {isa = PBXFileReference; lastKnownFileType = sourcecode.swift; path = City.swift; sourceTree = "<group>"; };
		8F9093B626335E1E001D76DB /* Coordinate.swift */ = {isa = PBXFileReference; lastKnownFileType = sourcecode.swift; path = Coordinate.swift; sourceTree = "<group>"; };
		8F9093D0263370CD001D76DB /* SearchCityViewModel.swift */ = {isa = PBXFileReference; lastKnownFileType = sourcecode.swift; path = SearchCityViewModel.swift; sourceTree = "<group>"; };
		8F9093E126338F82001D76DB /* MapView.swift */ = {isa = PBXFileReference; lastKnownFileType = sourcecode.swift; path = MapView.swift; sourceTree = "<group>"; };
		8F9093EC2633AD1E001D76DB /* MapViewModel.swift */ = {isa = PBXFileReference; lastKnownFileType = sourcecode.swift; path = MapViewModel.swift; sourceTree = "<group>"; };
		8F9093F7263672F7001D76DB /* cities.json */ = {isa = PBXFileReference; fileEncoding = 4; lastKnownFileType = text.json; name = cities.json; path = Shared/cities.json; sourceTree = SOURCE_ROOT; };
		8F9094032636733E001D76DB /* CityDataManager.swift */ = {isa = PBXFileReference; lastKnownFileType = sourcecode.swift; path = CityDataManager.swift; sourceTree = "<group>"; };
		8F90940F26367449001D76DB /* FileUtils.swift */ = {isa = PBXFileReference; lastKnownFileType = sourcecode.swift; path = FileUtils.swift; sourceTree = "<group>"; };
/* End PBXFileReference section */

/* Begin PBXFrameworksBuildPhase section */
		8F755E1A2631AABC008B0785 /* Frameworks */ = {
			isa = PBXFrameworksBuildPhase;
			buildActionMask = 2147483647;
			files = (
			);
			runOnlyForDeploymentPostprocessing = 0;
		};
		8F755E222631AABC008B0785 /* Frameworks */ = {
			isa = PBXFrameworksBuildPhase;
			buildActionMask = 2147483647;
			files = (
			);
			runOnlyForDeploymentPostprocessing = 0;
		};
		8F755E2A2631AABC008B0785 /* Frameworks */ = {
			isa = PBXFrameworksBuildPhase;
			buildActionMask = 2147483647;
			files = (
			);
			runOnlyForDeploymentPostprocessing = 0;
		};
		8F755E352631AABC008B0785 /* Frameworks */ = {
			isa = PBXFrameworksBuildPhase;
			buildActionMask = 2147483647;
			files = (
			);
			runOnlyForDeploymentPostprocessing = 0;
		};
/* End PBXFrameworksBuildPhase section */

/* Begin PBXGroup section */
		8F755E102631AABC008B0785 = {
			isa = PBXGroup;
			children = (
				8F755E152631AABC008B0785 /* Shared */,
				8F755E1F2631AABC008B0785 /* iOS */,
				8F755E262631AABC008B0785 /* macOS */,
				8F755E302631AABC008B0785 /* Tests iOS */,
				8F755E3B2631AABC008B0785 /* Tests macOS */,
				8F755E1E2631AABC008B0785 /* Products */,
			);
			sourceTree = "<group>";
		};
		8F755E152631AABC008B0785 /* Shared */ = {
			isa = PBXGroup;
			children = (
				8F90940E26367434001D76DB /* Utils */,
				8F9094022636732E001D76DB /* DataManager */,
				8F9093E026338F73001D76DB /* Map */,
				8F9093DF26338F62001D76DB /* SearchCity */,
				8F9093A626335DC3001D76DB /* Entities */,
				8F90938C26335ABF001D76DB /* DesignSystem */,
				8F755E162631AABC008B0785 /* CitiesSearchApp.swift */,
				8F9093F7263672F7001D76DB /* cities.json */,
				8F755E182631AABC008B0785 /* Assets.xcassets */,
			);
			path = Shared;
			sourceTree = "<group>";
		};
		8F755E1E2631AABC008B0785 /* Products */ = {
			isa = PBXGroup;
			children = (
				8F755E1D2631AABC008B0785 /* CitiesSearch.app */,
				8F755E252631AABC008B0785 /* CitiesSearch.app */,
				8F755E2D2631AABC008B0785 /* Tests iOS.xctest */,
				8F755E382631AABC008B0785 /* Tests macOS.xctest */,
			);
			name = Products;
			sourceTree = "<group>";
		};
		8F755E1F2631AABC008B0785 /* iOS */ = {
			isa = PBXGroup;
			children = (
				8F755E202631AABC008B0785 /* Info.plist */,
			);
			path = iOS;
			sourceTree = "<group>";
		};
		8F755E262631AABC008B0785 /* macOS */ = {
			isa = PBXGroup;
			children = (
				8F755E272631AABC008B0785 /* Info.plist */,
				8F755E282631AABC008B0785 /* macOS.entitlements */,
			);
			path = macOS;
			sourceTree = "<group>";
		};
		8F755E302631AABC008B0785 /* Tests iOS */ = {
			isa = PBXGroup;
			children = (
				8F755E312631AABC008B0785 /* Tests_iOS.swift */,
				8F755E332631AABC008B0785 /* Info.plist */,
			);
			path = "Tests iOS";
			sourceTree = "<group>";
		};
		8F755E3B2631AABC008B0785 /* Tests macOS */ = {
			isa = PBXGroup;
			children = (
				8F755E3C2631AABC008B0785 /* Tests_macOS.swift */,
				8F755E3E2631AABC008B0785 /* Info.plist */,
			);
			path = "Tests macOS";
			sourceTree = "<group>";
		};
		8F90938C26335ABF001D76DB /* DesignSystem */ = {
			isa = PBXGroup;
			children = (
				8F90938D26335ADA001D76DB /* SearchBar.swift */,
			);
			path = DesignSystem;
			sourceTree = "<group>";
		};
		8F9093A626335DC3001D76DB /* Entities */ = {
			isa = PBXGroup;
			children = (
				8F9093A726335DE1001D76DB /* City.swift */,
				8F9093B626335E1E001D76DB /* Coordinate.swift */,
			);
			path = Entities;
			sourceTree = "<group>";
		};
		8F9093DF26338F62001D76DB /* SearchCity */ = {
			isa = PBXGroup;
			children = (
				8F755E172631AABC008B0785 /* SearchCityView.swift */,
				8F9093D0263370CD001D76DB /* SearchCityViewModel.swift */,
			);
			path = SearchCity;
			sourceTree = "<group>";
		};
		8F9093E026338F73001D76DB /* Map */ = {
			isa = PBXGroup;
			children = (
				8F9093E126338F82001D76DB /* MapView.swift */,
				8F9093EC2633AD1E001D76DB /* MapViewModel.swift */,
			);
			path = Map;
			sourceTree = "<group>";
		};
		8F9094022636732E001D76DB /* DataManager */ = {
			isa = PBXGroup;
			children = (
				8F9094032636733E001D76DB /* CityDataManager.swift */,
			);
			path = DataManager;
			sourceTree = "<group>";
		};
		8F90940E26367434001D76DB /* Utils */ = {
			isa = PBXGroup;
			children = (
				8F90940F26367449001D76DB /* FileUtils.swift */,
			);
			path = Utils;
			sourceTree = "<group>";
		};
/* End PBXGroup section */

/* Begin PBXNativeTarget section */
		8F755E1C2631AABC008B0785 /* CitiesSearch (iOS) */ = {
			isa = PBXNativeTarget;
			buildConfigurationList = 8F755E472631AABC008B0785 /* Build configuration list for PBXNativeTarget "CitiesSearch (iOS)" */;
			buildPhases = (
				8F755E192631AABC008B0785 /* Sources */,
				8F755E1A2631AABC008B0785 /* Frameworks */,
				8F755E1B2631AABC008B0785 /* Resources */,
			);
			buildRules = (
			);
			dependencies = (
			);
			name = "CitiesSearch (iOS)";
			productName = "CitiesSearch (iOS)";
			productReference = 8F755E1D2631AABC008B0785 /* CitiesSearch.app */;
			productType = "com.apple.product-type.application";
		};
		8F755E242631AABC008B0785 /* CitiesSearch (macOS) */ = {
			isa = PBXNativeTarget;
			buildConfigurationList = 8F755E4A2631AABC008B0785 /* Build configuration list for PBXNativeTarget "CitiesSearch (macOS)" */;
			buildPhases = (
				8F755E212631AABC008B0785 /* Sources */,
				8F755E222631AABC008B0785 /* Frameworks */,
				8F755E232631AABC008B0785 /* Resources */,
			);
			buildRules = (
			);
			dependencies = (
			);
			name = "CitiesSearch (macOS)";
			productName = "CitiesSearch (macOS)";
			productReference = 8F755E252631AABC008B0785 /* CitiesSearch.app */;
			productType = "com.apple.product-type.application";
		};
		8F755E2C2631AABC008B0785 /* Tests iOS */ = {
			isa = PBXNativeTarget;
			buildConfigurationList = 8F755E4D2631AABC008B0785 /* Build configuration list for PBXNativeTarget "Tests iOS" */;
			buildPhases = (
				8F755E292631AABC008B0785 /* Sources */,
				8F755E2A2631AABC008B0785 /* Frameworks */,
				8F755E2B2631AABC008B0785 /* Resources */,
			);
			buildRules = (
			);
			dependencies = (
				8F755E2F2631AABC008B0785 /* PBXTargetDependency */,
			);
			name = "Tests iOS";
			productName = "Tests iOS";
			productReference = 8F755E2D2631AABC008B0785 /* Tests iOS.xctest */;
			productType = "com.apple.product-type.bundle.ui-testing";
		};
		8F755E372631AABC008B0785 /* Tests macOS */ = {
			isa = PBXNativeTarget;
			buildConfigurationList = 8F755E502631AABC008B0785 /* Build configuration list for PBXNativeTarget "Tests macOS" */;
			buildPhases = (
				8F755E342631AABC008B0785 /* Sources */,
				8F755E352631AABC008B0785 /* Frameworks */,
				8F755E362631AABC008B0785 /* Resources */,
			);
			buildRules = (
			);
			dependencies = (
				8F755E3A2631AABC008B0785 /* PBXTargetDependency */,
			);
			name = "Tests macOS";
			productName = "Tests macOS";
			productReference = 8F755E382631AABC008B0785 /* Tests macOS.xctest */;
			productType = "com.apple.product-type.bundle.ui-testing";
		};
/* End PBXNativeTarget section */

/* Begin PBXProject section */
		8F755E112631AABC008B0785 /* Project object */ = {
			isa = PBXProject;
			attributes = {
				LastSwiftUpdateCheck = 1240;
				LastUpgradeCheck = 1240;
				TargetAttributes = {
					8F755E1C2631AABC008B0785 = {
						CreatedOnToolsVersion = 12.4;
					};
					8F755E242631AABC008B0785 = {
						CreatedOnToolsVersion = 12.4;
					};
					8F755E2C2631AABC008B0785 = {
						CreatedOnToolsVersion = 12.4;
						TestTargetID = 8F755E1C2631AABC008B0785;
					};
					8F755E372631AABC008B0785 = {
						CreatedOnToolsVersion = 12.4;
						TestTargetID = 8F755E242631AABC008B0785;
					};
				};
			};
			buildConfigurationList = 8F755E142631AABC008B0785 /* Build configuration list for PBXProject "CitiesSearch" */;
			compatibilityVersion = "Xcode 9.3";
			developmentRegion = en;
			hasScannedForEncodings = 0;
			knownRegions = (
				en,
				Base,
			);
			mainGroup = 8F755E102631AABC008B0785;
			productRefGroup = 8F755E1E2631AABC008B0785 /* Products */;
			projectDirPath = "";
			projectRoot = "";
			targets = (
				8F755E1C2631AABC008B0785 /* CitiesSearch (iOS) */,
				8F755E242631AABC008B0785 /* CitiesSearch (macOS) */,
				8F755E2C2631AABC008B0785 /* Tests iOS */,
				8F755E372631AABC008B0785 /* Tests macOS */,
			);
		};
/* End PBXProject section */

/* Begin PBXResourcesBuildPhase section */
		8F755E1B2631AABC008B0785 /* Resources */ = {
			isa = PBXResourcesBuildPhase;
			buildActionMask = 2147483647;
			files = (
				8F9093F8263672F7001D76DB /* cities.json in Resources */,
				8F755E432631AABC008B0785 /* Assets.xcassets in Resources */,
			);
			runOnlyForDeploymentPostprocessing = 0;
		};
		8F755E232631AABC008B0785 /* Resources */ = {
			isa = PBXResourcesBuildPhase;
			buildActionMask = 2147483647;
			files = (
				8F9093F9263672F7001D76DB /* cities.json in Resources */,
				8F755E442631AABC008B0785 /* Assets.xcassets in Resources */,
			);
			runOnlyForDeploymentPostprocessing = 0;
		};
		8F755E2B2631AABC008B0785 /* Resources */ = {
			isa = PBXResourcesBuildPhase;
			buildActionMask = 2147483647;
			files = (
			);
			runOnlyForDeploymentPostprocessing = 0;
		};
		8F755E362631AABC008B0785 /* Resources */ = {
			isa = PBXResourcesBuildPhase;
			buildActionMask = 2147483647;
			files = (
			);
			runOnlyForDeploymentPostprocessing = 0;
		};
/* End PBXResourcesBuildPhase section */

/* Begin PBXSourcesBuildPhase section */
		8F755E192631AABC008B0785 /* Sources */ = {
			isa = PBXSourcesBuildPhase;
			buildActionMask = 2147483647;
			files = (
				8F9093E226338F82001D76DB /* MapView.swift in Sources */,
				8F755E412631AABC008B0785 /* SearchCityView.swift in Sources */,
				8F9093A826335DE1001D76DB /* City.swift in Sources */,
				8F755E3F2631AABC008B0785 /* CitiesSearchApp.swift in Sources */,
				8F9094042636733E001D76DB /* CityDataManager.swift in Sources */,
				8F9093D1263370CD001D76DB /* SearchCityViewModel.swift in Sources */,
				8F90938E26335ADA001D76DB /* SearchBar.swift in Sources */,
				8F9093B726335E1E001D76DB /* Coordinate.swift in Sources */,
				8F9093ED2633AD1E001D76DB /* MapViewModel.swift in Sources */,
				8F90941026367449001D76DB /* FileUtils.swift in Sources */,
			);
			runOnlyForDeploymentPostprocessing = 0;
		};
		8F755E212631AABC008B0785 /* Sources */ = {
			isa = PBXSourcesBuildPhase;
			buildActionMask = 2147483647;
			files = (
				8F90941126367449001D76DB /* FileUtils.swift in Sources */,
				8F9093D2263370CD001D76DB /* SearchCityViewModel.swift in Sources */,
				8F9093E326338F82001D76DB /* MapView.swift in Sources */,
				8F755E422631AABC008B0785 /* SearchCityView.swift in Sources */,
				8F9093B126335DE3001D76DB /* City.swift in Sources */,
				8F9093EE2633AD1E001D76DB /* MapViewModel.swift in Sources */,
				8F755E402631AABC008B0785 /* CitiesSearchApp.swift in Sources */,
				8F9094052636733E001D76DB /* CityDataManager.swift in Sources */,
				8F9093BC26335E2B001D76DB /* Coordinate.swift in Sources */,
			);
			runOnlyForDeploymentPostprocessing = 0;
		};
		8F755E292631AABC008B0785 /* Sources */ = {
			isa = PBXSourcesBuildPhase;
			buildActionMask = 2147483647;
			files = (
				8F755E322631AABC008B0785 /* Tests_iOS.swift in Sources */,
			);
			runOnlyForDeploymentPostprocessing = 0;
		};
		8F755E342631AABC008B0785 /* Sources */ = {
			isa = PBXSourcesBuildPhase;
			buildActionMask = 2147483647;
			files = (
				8F755E3D2631AABC008B0785 /* Tests_macOS.swift in Sources */,
			);
			runOnlyForDeploymentPostprocessing = 0;
		};
/* End PBXSourcesBuildPhase section */

/* Begin PBXTargetDependency section */
		8F755E2F2631AABC008B0785 /* PBXTargetDependency */ = {
			isa = PBXTargetDependency;
			target = 8F755E1C2631AABC008B0785 /* CitiesSearch (iOS) */;
			targetProxy = 8F755E2E2631AABC008B0785 /* PBXContainerItemProxy */;
		};
		8F755E3A2631AABC008B0785 /* PBXTargetDependency */ = {
			isa = PBXTargetDependency;
			target = 8F755E242631AABC008B0785 /* CitiesSearch (macOS) */;
			targetProxy = 8F755E392631AABC008B0785 /* PBXContainerItemProxy */;
		};
/* End PBXTargetDependency section */

/* Begin XCBuildConfiguration section */
		8F755E452631AABC008B0785 /* Debug */ = {
			isa = XCBuildConfiguration;
			buildSettings = {
				ALWAYS_SEARCH_USER_PATHS = NO;
				CLANG_ANALYZER_NONNULL = YES;
				CLANG_ANALYZER_NUMBER_OBJECT_CONVERSION = YES_AGGRESSIVE;
				CLANG_CXX_LANGUAGE_STANDARD = "gnu++14";
				CLANG_CXX_LIBRARY = "libc++";
				CLANG_ENABLE_MODULES = YES;
				CLANG_ENABLE_OBJC_ARC = YES;
				CLANG_ENABLE_OBJC_WEAK = YES;
				CLANG_WARN_BLOCK_CAPTURE_AUTORELEASING = YES;
				CLANG_WARN_BOOL_CONVERSION = YES;
				CLANG_WARN_COMMA = YES;
				CLANG_WARN_CONSTANT_CONVERSION = YES;
				CLANG_WARN_DEPRECATED_OBJC_IMPLEMENTATIONS = YES;
				CLANG_WARN_DIRECT_OBJC_ISA_USAGE = YES_ERROR;
				CLANG_WARN_DOCUMENTATION_COMMENTS = YES;
				CLANG_WARN_EMPTY_BODY = YES;
				CLANG_WARN_ENUM_CONVERSION = YES;
				CLANG_WARN_INFINITE_RECURSION = YES;
				CLANG_WARN_INT_CONVERSION = YES;
				CLANG_WARN_NON_LITERAL_NULL_CONVERSION = YES;
				CLANG_WARN_OBJC_IMPLICIT_RETAIN_SELF = YES;
				CLANG_WARN_OBJC_LITERAL_CONVERSION = YES;
				CLANG_WARN_OBJC_ROOT_CLASS = YES_ERROR;
				CLANG_WARN_QUOTED_INCLUDE_IN_FRAMEWORK_HEADER = YES;
				CLANG_WARN_RANGE_LOOP_ANALYSIS = YES;
				CLANG_WARN_STRICT_PROTOTYPES = YES;
				CLANG_WARN_SUSPICIOUS_MOVE = YES;
				CLANG_WARN_UNGUARDED_AVAILABILITY = YES_AGGRESSIVE;
				CLANG_WARN_UNREACHABLE_CODE = YES;
				CLANG_WARN__DUPLICATE_METHOD_MATCH = YES;
				COPY_PHASE_STRIP = NO;
				DEBUG_INFORMATION_FORMAT = dwarf;
				ENABLE_STRICT_OBJC_MSGSEND = YES;
				ENABLE_TESTABILITY = YES;
				GCC_C_LANGUAGE_STANDARD = gnu11;
				GCC_DYNAMIC_NO_PIC = NO;
				GCC_NO_COMMON_BLOCKS = YES;
				GCC_OPTIMIZATION_LEVEL = 0;
				GCC_PREPROCESSOR_DEFINITIONS = (
					"DEBUG=1",
					"$(inherited)",
				);
				GCC_WARN_64_TO_32_BIT_CONVERSION = YES;
				GCC_WARN_ABOUT_RETURN_TYPE = YES_ERROR;
				GCC_WARN_UNDECLARED_SELECTOR = YES;
				GCC_WARN_UNINITIALIZED_AUTOS = YES_AGGRESSIVE;
				GCC_WARN_UNUSED_FUNCTION = YES;
				GCC_WARN_UNUSED_VARIABLE = YES;
				MTL_ENABLE_DEBUG_INFO = INCLUDE_SOURCE;
				MTL_FAST_MATH = YES;
				ONLY_ACTIVE_ARCH = YES;
				SWIFT_ACTIVE_COMPILATION_CONDITIONS = DEBUG;
				SWIFT_OPTIMIZATION_LEVEL = "-Onone";
			};
			name = Debug;
		};
		8F755E462631AABC008B0785 /* Release */ = {
			isa = XCBuildConfiguration;
			buildSettings = {
				ALWAYS_SEARCH_USER_PATHS = NO;
				CLANG_ANALYZER_NONNULL = YES;
				CLANG_ANALYZER_NUMBER_OBJECT_CONVERSION = YES_AGGRESSIVE;
				CLANG_CXX_LANGUAGE_STANDARD = "gnu++14";
				CLANG_CXX_LIBRARY = "libc++";
				CLANG_ENABLE_MODULES = YES;
				CLANG_ENABLE_OBJC_ARC = YES;
				CLANG_ENABLE_OBJC_WEAK = YES;
				CLANG_WARN_BLOCK_CAPTURE_AUTORELEASING = YES;
				CLANG_WARN_BOOL_CONVERSION = YES;
				CLANG_WARN_COMMA = YES;
				CLANG_WARN_CONSTANT_CONVERSION = YES;
				CLANG_WARN_DEPRECATED_OBJC_IMPLEMENTATIONS = YES;
				CLANG_WARN_DIRECT_OBJC_ISA_USAGE = YES_ERROR;
				CLANG_WARN_DOCUMENTATION_COMMENTS = YES;
				CLANG_WARN_EMPTY_BODY = YES;
				CLANG_WARN_ENUM_CONVERSION = YES;
				CLANG_WARN_INFINITE_RECURSION = YES;
				CLANG_WARN_INT_CONVERSION = YES;
				CLANG_WARN_NON_LITERAL_NULL_CONVERSION = YES;
				CLANG_WARN_OBJC_IMPLICIT_RETAIN_SELF = YES;
				CLANG_WARN_OBJC_LITERAL_CONVERSION = YES;
				CLANG_WARN_OBJC_ROOT_CLASS = YES_ERROR;
				CLANG_WARN_QUOTED_INCLUDE_IN_FRAMEWORK_HEADER = YES;
				CLANG_WARN_RANGE_LOOP_ANALYSIS = YES;
				CLANG_WARN_STRICT_PROTOTYPES = YES;
				CLANG_WARN_SUSPICIOUS_MOVE = YES;
				CLANG_WARN_UNGUARDED_AVAILABILITY = YES_AGGRESSIVE;
				CLANG_WARN_UNREACHABLE_CODE = YES;
				CLANG_WARN__DUPLICATE_METHOD_MATCH = YES;
				COPY_PHASE_STRIP = NO;
				DEBUG_INFORMATION_FORMAT = "dwarf-with-dsym";
				ENABLE_NS_ASSERTIONS = NO;
				ENABLE_STRICT_OBJC_MSGSEND = YES;
				GCC_C_LANGUAGE_STANDARD = gnu11;
				GCC_NO_COMMON_BLOCKS = YES;
				GCC_WARN_64_TO_32_BIT_CONVERSION = YES;
				GCC_WARN_ABOUT_RETURN_TYPE = YES_ERROR;
				GCC_WARN_UNDECLARED_SELECTOR = YES;
				GCC_WARN_UNINITIALIZED_AUTOS = YES_AGGRESSIVE;
				GCC_WARN_UNUSED_FUNCTION = YES;
				GCC_WARN_UNUSED_VARIABLE = YES;
				MTL_ENABLE_DEBUG_INFO = NO;
				MTL_FAST_MATH = YES;
				SWIFT_COMPILATION_MODE = wholemodule;
				SWIFT_OPTIMIZATION_LEVEL = "-O";
			};
			name = Release;
		};
		8F755E482631AABC008B0785 /* Debug */ = {
			isa = XCBuildConfiguration;
			buildSettings = {
				ASSETCATALOG_COMPILER_APPICON_NAME = AppIcon;
				ASSETCATALOG_COMPILER_GLOBAL_ACCENT_COLOR_NAME = AccentColor;
				CODE_SIGN_STYLE = Automatic;
				DEVELOPMENT_TEAM = YK3NXBF7NQ;
				ENABLE_PREVIEWS = YES;
				INFOPLIST_FILE = iOS/Info.plist;
				IPHONEOS_DEPLOYMENT_TARGET = 14.0;
				LD_RUNPATH_SEARCH_PATHS = (
					"$(inherited)",
					"@executable_path/Frameworks",
				);
				PRODUCT_BUNDLE_IDENTIFIER = com.diegodossantos.CitiesSearch;
				PRODUCT_NAME = CitiesSearch;
				SDKROOT = iphoneos;
				SWIFT_VERSION = 5.0;
				TARGETED_DEVICE_FAMILY = "1,2";
			};
			name = Debug;
		};
		8F755E492631AABC008B0785 /* Release */ = {
			isa = XCBuildConfiguration;
			buildSettings = {
				ASSETCATALOG_COMPILER_APPICON_NAME = AppIcon;
				ASSETCATALOG_COMPILER_GLOBAL_ACCENT_COLOR_NAME = AccentColor;
				CODE_SIGN_STYLE = Automatic;
				DEVELOPMENT_TEAM = YK3NXBF7NQ;
				ENABLE_PREVIEWS = YES;
				INFOPLIST_FILE = iOS/Info.plist;
				IPHONEOS_DEPLOYMENT_TARGET = 14.0;
				LD_RUNPATH_SEARCH_PATHS = (
					"$(inherited)",
					"@executable_path/Frameworks",
				);
				PRODUCT_BUNDLE_IDENTIFIER = com.diegodossantos.CitiesSearch;
				PRODUCT_NAME = CitiesSearch;
				SDKROOT = iphoneos;
				SWIFT_VERSION = 5.0;
				TARGETED_DEVICE_FAMILY = "1,2";
				VALIDATE_PRODUCT = YES;
			};
			name = Release;
		};
		8F755E4B2631AABC008B0785 /* Debug */ = {
			isa = XCBuildConfiguration;
			buildSettings = {
				ASSETCATALOG_COMPILER_APPICON_NAME = AppIcon;
				ASSETCATALOG_COMPILER_GLOBAL_ACCENT_COLOR_NAME = AccentColor;
				CODE_SIGN_ENTITLEMENTS = macOS/macOS.entitlements;
				CODE_SIGN_STYLE = Automatic;
				COMBINE_HIDPI_IMAGES = YES;
				DEVELOPMENT_TEAM = YK3NXBF7NQ;
				ENABLE_HARDENED_RUNTIME = YES;
				ENABLE_PREVIEWS = YES;
				INFOPLIST_FILE = macOS/Info.plist;
				LD_RUNPATH_SEARCH_PATHS = (
					"$(inherited)",
					"@executable_path/../Frameworks",
				);
				MACOSX_DEPLOYMENT_TARGET = 11.0;
				PRODUCT_BUNDLE_IDENTIFIER = com.diegodossantos.CitiesSearch;
				PRODUCT_NAME = CitiesSearch;
				SDKROOT = macosx;
				SWIFT_VERSION = 5.0;
			};
			name = Debug;
		};
		8F755E4C2631AABC008B0785 /* Release */ = {
			isa = XCBuildConfiguration;
			buildSettings = {
				ASSETCATALOG_COMPILER_APPICON_NAME = AppIcon;
				ASSETCATALOG_COMPILER_GLOBAL_ACCENT_COLOR_NAME = AccentColor;
				CODE_SIGN_ENTITLEMENTS = macOS/macOS.entitlements;
				CODE_SIGN_STYLE = Automatic;
				COMBINE_HIDPI_IMAGES = YES;
				DEVELOPMENT_TEAM = YK3NXBF7NQ;
				ENABLE_HARDENED_RUNTIME = YES;
				ENABLE_PREVIEWS = YES;
				INFOPLIST_FILE = macOS/Info.plist;
				LD_RUNPATH_SEARCH_PATHS = (
					"$(inherited)",
					"@executable_path/../Frameworks",
				);
				MACOSX_DEPLOYMENT_TARGET = 11.0;
				PRODUCT_BUNDLE_IDENTIFIER = com.diegodossantos.CitiesSearch;
				PRODUCT_NAME = CitiesSearch;
				SDKROOT = macosx;
				SWIFT_VERSION = 5.0;
			};
			name = Release;
		};
		8F755E4E2631AABC008B0785 /* Debug */ = {
			isa = XCBuildConfiguration;
			buildSettings = {
				ALWAYS_EMBED_SWIFT_STANDARD_LIBRARIES = YES;
				CODE_SIGN_STYLE = Automatic;
				DEVELOPMENT_TEAM = YK3NXBF7NQ;
				INFOPLIST_FILE = "Tests iOS/Info.plist";
				IPHONEOS_DEPLOYMENT_TARGET = 14.4;
				LD_RUNPATH_SEARCH_PATHS = (
					"$(inherited)",
					"@executable_path/Frameworks",
					"@loader_path/Frameworks",
				);
				PRODUCT_BUNDLE_IDENTIFIER = "com.diegodossantos.Tests-iOS";
				PRODUCT_NAME = "$(TARGET_NAME)";
				SDKROOT = iphoneos;
				SWIFT_VERSION = 5.0;
				TARGETED_DEVICE_FAMILY = "1,2";
				TEST_TARGET_NAME = "CitiesSearch (iOS)";
			};
			name = Debug;
		};
		8F755E4F2631AABC008B0785 /* Release */ = {
			isa = XCBuildConfiguration;
			buildSettings = {
				ALWAYS_EMBED_SWIFT_STANDARD_LIBRARIES = YES;
				CODE_SIGN_STYLE = Automatic;
				DEVELOPMENT_TEAM = YK3NXBF7NQ;
				INFOPLIST_FILE = "Tests iOS/Info.plist";
				IPHONEOS_DEPLOYMENT_TARGET = 14.4;
				LD_RUNPATH_SEARCH_PATHS = (
					"$(inherited)",
					"@executable_path/Frameworks",
					"@loader_path/Frameworks",
				);
				PRODUCT_BUNDLE_IDENTIFIER = "com.diegodossantos.Tests-iOS";
				PRODUCT_NAME = "$(TARGET_NAME)";
				SDKROOT = iphoneos;
				SWIFT_VERSION = 5.0;
				TARGETED_DEVICE_FAMILY = "1,2";
				TEST_TARGET_NAME = "CitiesSearch (iOS)";
				VALIDATE_PRODUCT = YES;
			};
			name = Release;
		};
		8F755E512631AABC008B0785 /* Debug */ = {
			isa = XCBuildConfiguration;
			buildSettings = {
				ALWAYS_EMBED_SWIFT_STANDARD_LIBRARIES = YES;
				CODE_SIGN_STYLE = Automatic;
				COMBINE_HIDPI_IMAGES = YES;
				DEVELOPMENT_TEAM = YK3NXBF7NQ;
				INFOPLIST_FILE = "Tests macOS/Info.plist";
				LD_RUNPATH_SEARCH_PATHS = (
					"$(inherited)",
					"@executable_path/../Frameworks",
					"@loader_path/../Frameworks",
				);
				MACOSX_DEPLOYMENT_TARGET = 11.1;
				PRODUCT_BUNDLE_IDENTIFIER = "com.diegodossantos.Tests-macOS";
				PRODUCT_NAME = "$(TARGET_NAME)";
				SDKROOT = macosx;
				SWIFT_VERSION = 5.0;
				TEST_TARGET_NAME = "CitiesSearch (macOS)";
			};
			name = Debug;
		};
		8F755E522631AABC008B0785 /* Release */ = {
			isa = XCBuildConfiguration;
			buildSettings = {
				ALWAYS_EMBED_SWIFT_STANDARD_LIBRARIES = YES;
				CODE_SIGN_STYLE = Automatic;
				COMBINE_HIDPI_IMAGES = YES;
				DEVELOPMENT_TEAM = YK3NXBF7NQ;
				INFOPLIST_FILE = "Tests macOS/Info.plist";
				LD_RUNPATH_SEARCH_PATHS = (
					"$(inherited)",
					"@executable_path/../Frameworks",
					"@loader_path/../Frameworks",
				);
				MACOSX_DEPLOYMENT_TARGET = 11.1;
				PRODUCT_BUNDLE_IDENTIFIER = "com.diegodossantos.Tests-macOS";
				PRODUCT_NAME = "$(TARGET_NAME)";
				SDKROOT = macosx;
				SWIFT_VERSION = 5.0;
				TEST_TARGET_NAME = "CitiesSearch (macOS)";
			};
			name = Release;
		};
/* End XCBuildConfiguration section */

/* Begin XCConfigurationList section */
		8F755E142631AABC008B0785 /* Build configuration list for PBXProject "CitiesSearch" */ = {
			isa = XCConfigurationList;
			buildConfigurations = (
				8F755E452631AABC008B0785 /* Debug */,
				8F755E462631AABC008B0785 /* Release */,
			);
			defaultConfigurationIsVisible = 0;
			defaultConfigurationName = Release;
		};
		8F755E472631AABC008B0785 /* Build configuration list for PBXNativeTarget "CitiesSearch (iOS)" */ = {
			isa = XCConfigurationList;
			buildConfigurations = (
				8F755E482631AABC008B0785 /* Debug */,
				8F755E492631AABC008B0785 /* Release */,
			);
			defaultConfigurationIsVisible = 0;
			defaultConfigurationName = Release;
		};
		8F755E4A2631AABC008B0785 /* Build configuration list for PBXNativeTarget "CitiesSearch (macOS)" */ = {
			isa = XCConfigurationList;
			buildConfigurations = (
				8F755E4B2631AABC008B0785 /* Debug */,
				8F755E4C2631AABC008B0785 /* Release */,
			);
			defaultConfigurationIsVisible = 0;
			defaultConfigurationName = Release;
		};
		8F755E4D2631AABC008B0785 /* Build configuration list for PBXNativeTarget "Tests iOS" */ = {
			isa = XCConfigurationList;
			buildConfigurations = (
				8F755E4E2631AABC008B0785 /* Debug */,
				8F755E4F2631AABC008B0785 /* Release */,
			);
			defaultConfigurationIsVisible = 0;
			defaultConfigurationName = Release;
		};
		8F755E502631AABC008B0785 /* Build configuration list for PBXNativeTarget "Tests macOS" */ = {
			isa = XCConfigurationList;
			buildConfigurations = (
				8F755E512631AABC008B0785 /* Debug */,
				8F755E522631AABC008B0785 /* Release */,
			);
			defaultConfigurationIsVisible = 0;
			defaultConfigurationName = Release;
		};
/* End XCConfigurationList section */
	};
	rootObject = 8F755E112631AABC008B0785 /* Project object */;
}
